
Microsoft Visual Studio Solution File, Format Version 12.00
# Visual Studio 2013
VisualStudioVersion = 12.0.31101.0
MinimumVisualStudioVersion = 10.0.40219.1
Project("{FAE04EC0-301F-11D3-BF4B-00C04F79EFBC}") = "projeto-quiz", "projeto-quiz\projeto-quiz.csproj", "{B3F5B4D5-A4F8-464E-BDB9-D1F33D4C962C}"
EndProject
Global
	GlobalSection(SolutionConfigurationPlatforms) = preSolution
		Debug|Any CPU = Debug|Any CPU
		Release|Any CPU = Release|Any CPU
	EndGlobalSection
	GlobalSection(ProjectConfigurationPlatforms) = postSolution
		{B3F5B4D5-A4F8-464E-BDB9-D1F33D4C962C}.Debug|Any CPU.ActiveCfg = Debug|Any CPU
		{B3F5B4D5-A4F8-464E-BDB9-D1F33D4C962C}.Debug|Any CPU.Build.0 = Debug|Any CPU
		{B3F5B4D5-A4F8-464E-BDB9-D1F33D4C962C}.Release|Any CPU.ActiveCfg = Release|Any CPU
		{B3F5B4D5-A4F8-464E-BDB9-D1F33D4C962C}.Release|Any CPU.Build.0 = Release|Any CPU
	EndGlobalSection
	GlobalSection(SolutionProperties) = preSolution
		HideSolutionNode = FALSE
	EndGlobalSection
EndGlobal
